<?xml version="1.0" encoding="utf-8"?>
<Project ToolsVersion="4.0" xmlns="http://schemas.microsoft.com/developer/msbuild/2003">
  <ItemGroup>
    <Filter Include="Source Files">
      <UniqueIdentifier>{3395ca8f-c141-4d17-98cb-1957f83e8573}</UniqueIdentifier>
      <Extensions>cpp;c;cxx;rc;def;r;odl;idl;hpj;bat</Extensions>
    </Filter>
    <Filter Include="Header Files">
      <UniqueIdentifier>{48d81bb0-1bb4-4492-a165-d130a5fae961}</UniqueIdentifier>
      <Extensions>h;hpp;hxx;hm;inl</Extensions>
    </Filter>
    <Filter Include="Resource Files">
      <UniqueIdentifier>{ef7b0ff1-3eba-4a44-b986-59320d883f7c}</UniqueIdentifier>
      <Extensions>ico;cur;bmp;dlg;rc2;rct;bin;rgs;gif;jpg;jpeg;jpe</Extensions>
    </Filter>
  </ItemGroup>
  <ItemGroup>
    <ClCompile Include="StdAfx.cpp">
      <Filter>Source Files</Filter>
    </ClCompile>
    <ClCompile Include="TestDll.cpp">
      <Filter>Source Files</Filter>
    </ClCompile>
    <ClCompile Include="TestDllDlg.cpp">
      <Filter>Source Files</Filter>
    </ClCompile>
    <ClCompile Include="CPictureWindow.cpp">
      <Filter>Source Files</Filter>
    </ClCompile>
    <ClCompile Include="C:\Users\sohaib\Downloads\Compressed\BitmapDialogProj\BDialog.cpp">
      <Filter>Source Files</Filter>
    </ClCompile>
  </ItemGroup>
  <ItemGroup>
    <ResourceCompile Include="TestDll.rc">
      <Filter>Source Files</Filter>
    </ResourceCompile>
  </ItemGroup>
  <ItemGroup>
    <ClInclude Include="Resource.h">
      <Filter>Header Files</Filter>
    </ClInclude>
    <ClInclude Include="StdAfx.h">
      <Filter>Header Files</Filter>
    </ClInclude>
    <ClInclude Include="TestDll.h">
      <Filter>Header Files</Filter>
    </ClInclude>
    <ClInclude Include="TestDllDlg.h">
      <Filter>Header Files</Filter>
    </ClInclude>
    <ClInclude Include="SPExport.h">
      <Filter>Header Files</Filter>
    </ClInclude>
    <ClInclude Include="SerialPort.h">
      <Filter>Header Files</Filter>
    </ClInclude>
    <ClInclude Include="pyheader.hpp">
      <Filter>Header Files</Filter>
    </ClInclude>
    <ClInclude Include="Python.h">
      <Filter>Header Files</Filter>
    </ClInclude>
    <ClInclude Include="CPictureWindow.h">
      <Filter>Header Files</Filter>
    </ClInclude>
    <ClInclude Include="C:\Users\sohaib\Downloads\Compressed\BitmapDialogProj\BDialog.h">
      <Filter>Header Files</Filter>
    </ClInclude>
    <ClInclude Include="C:\Users\sohaib\Downloads\Compressed\BitmapDialogProj\BitmapDialog.h">
      <Filter>Header Files</Filter>
    </ClInclude>
  </ItemGroup>
  <ItemGroup>
    <CustomBuild Include="res\TestDll.ico">
      <Filter>Resource Files</Filter>
    </CustomBuild>
    <CustomBuild Include="res\TestDll.rc2">
      <Filter>Resource Files</Filter>
    </CustomBuild>
    <CustomBuild Include="ReadMe.txt" />
  </ItemGroup>
  <ItemGroup>
    <None Include="res\FruitMaturityMeter.webp" />
  </ItemGroup>
  <ItemGroup>
    <Image Include="C:\Users\sohaib\Desktop\HackBGRT-1.5.1\splash2.bmp">
      <Filter>Resource Files</Filter>
    </Image>
    <Image Include="C:\Users\sohaib\Desktop\HackBGRT-1.5.1\splash.bmp">
      <Filter>Resource Files</Filter>
    </Image>
    <Image Include="C:\Users\sohaib\Desktop\HackBGRT-1.5.1\NCRA.bmp">
      <Filter>Resource Files</Filter>
    </Image>
    <Image Include="C:\Users\sohaib\Desktop\HackBGRT-1.5.1\NUST.bmp">
      <Filter>Resource Files</Filter>
    </Image>
    <Image Include="C:\Users\sohaib\Desktop\HackBGRT-1.5.1\Untitled.bmp">
      <Filter>Resource Files</Filter>
    </Image>
    <Image Include="res\icon1.ico">
      <Filter>Resource Files</Filter>
    </Image>
    <Image Include="C:\Users\sohaib\Desktop\HackBGRT-1.5.1\icon.bmp">
      <Filter>Resource Files</Filter>
    </Image>
    <Image Include="C:\Users\sohaib\Desktop\HackBGRT-1.5.1\BAckground.bmp">
      <Filter>Resource Files</Filter>
    </Image>
    <Image Include="c:\users\sohaib\desktop\hackbgrt-1.5.1\bitmap8.bmp">
      <Filter>Resource Files</Filter>
    </Image>
    <Image Include="C:\Users\sohaib\Desktop\HackBGRT-1.5.1\calibration1.bmp">
      <Filter>Resource Files</Filter>
    </Image>
    <Image Include="res\csv1.bmp">
      <Filter>Resource Files</Filter>
    </Image>
    <Image Include="res\scan1.bmp">
      <Filter>Resource Files</Filter>
    </Image>
    <Image Include="res\Background.bmp">
      <Filter>Resource Files</Filter>
    </Image>
    <Image Include="res\sohaib-new.bmp">
      <Filter>Resource Files</Filter>
    </Image>
    <Image Include="C:\Users\sohaib\Downloads\sohaib-new\Fruit Mat.bmp">
      <Filter>Resource Files</Filter>
    </Image>
    <Image Include="C:\Users\sohaib\Downloads\sohaib-new\Fruit Mat1.bmp">
      <Filter>Resource Files</Filter>
    </Image>
  </ItemGroup>
</Project>